
Microsoft Visual Studio Solution File, Format Version 12.00
# Visual Studio Version 17
VisualStudioVersion = 17.13.35605.110 d17.13
MinimumVisualStudioVersion = 10.0.40219.1
Project("{8BC9CEB8-8B4A-11D0-8D11-00A0C91BC942}") = "Delhi_Metro_Project", "Delhi_Metro_Project\Delhi_Metro_Project.vcxproj", "{12ECD03A-0CB6-4C0D-8A05-0D38A192E10A}"
EndProject
Global
	GlobalSection(SolutionConfigurationPlatforms) = preSolution
		Debug|x64 = Debug|x64
		Debug|x86 = Debug|x86
		Release|x64 = Release|x64
		Release|x86 = Release|x86
	EndGlobalSection
	GlobalSection(ProjectConfigurationPlatforms) = postSolution
		{12ECD03A-0CB6-4C0D-8A05-0D38A192E10A}.Debug|x64.ActiveCfg = Debug|x64
		{12ECD03A-0CB6-4C0D-8A05-0D38A192E10A}.Debug|x64.Build.0 = Debug|x64
		{12ECD03A-0CB6-4C0D-8A05-0D38A192E10A}.Debug|x86.ActiveCfg = Debug|Win32
		{12ECD03A-0CB6-4C0D-8A05-0D38A192E10A}.Debug|x86.Build.0 = Debug|Win32
		{12ECD03A-0CB6-4C0D-8A05-0D38A192E10A}.Release|x64.ActiveCfg = Debug|x64
		{12ECD03A-0CB6-4C0D-8A05-0D38A192E10A}.Release|x64.Build.0 = Debug|x64
		{12ECD03A-0CB6-4C0D-8A05-0D38A192E10A}.Release|x86.ActiveCfg = Release|Win32
		{12ECD03A-0CB6-4C0D-8A05-0D38A192E10A}.Release|x86.Build.0 = Release|Win32
	EndGlobalSection
	GlobalSection(SolutionProperties) = preSolution
		HideSolutionNode = FALSE
	EndGlobalSection
	GlobalSection(ExtensibilityGlobals) = postSolution
		SolutionGuid = {04E61968-2C28-43E0-92C9-CDB40C8E3C33}
	EndGlobalSection
EndGlobal
